
Microsoft Visual Studio Solution File, Format Version 12.00
# Visual Studio Version 16
VisualStudioVersion = 16.0.31613.86
MinimumVisualStudioVersion = 10.0.40219.1
Project("{FAE04EC0-301F-11D3-BF4B-00C04F79EFBC}") = "AzureProjectGrader", "AzureProjectGrader\AzureProjectGrader.csproj", "{22442C0B-D12E-40D3-986B-24CAB7F7BC03}"
EndProject
Global
	GlobalSection(SolutionConfigurationPlatforms) = preSolution
		Debug|Any CPU = Debug|Any CPU
		Release|Any CPU = Release|Any CPU
	EndGlobalSection
	GlobalSection(ProjectConfigurationPlatforms) = postSolution
		{22442C0B-D12E-40D3-986B-24CAB7F7BC03}.Debug|Any CPU.ActiveCfg = Debug|Any CPU
		{22442C0B-D12E-40D3-986B-24CAB7F7BC03}.Debug|Any CPU.Build.0 = Debug|Any CPU
		{22442C0B-D12E-40D3-986B-24CAB7F7BC03}.Release|Any CPU.ActiveCfg = Release|Any CPU
		{22442C0B-D12E-40D3-986B-24CAB7F7BC03}.Release|Any CPU.Build.0 = Release|Any CPU
	EndGlobalSection
	GlobalSection(SolutionProperties) = preSolution
		HideSolutionNode = FALSE
	EndGlobalSection
	GlobalSection(ExtensibilityGlobals) = postSolution
		SolutionGuid = {78A23065-4F54-480E-9B0F-2CD4E37BA8B7}
	EndGlobalSection
EndGlobal
